
Microsoft Visual Studio Solution File, Format Version 12.00
# Visual Studio Version 16
VisualStudioVersion = 16.0.30114.105
MinimumVisualStudioVersion = 10.0.40219.1
Project("{FAE04EC0-301F-11D3-BF4B-00C04F79EFBC}") = "ConsoleCalculatorOfCalories.BL", "ConsoleCalculatorOfCalories.BL\ConsoleCalculatorOfCalories.BL.csproj", "{1F3097B4-1C7B-4935-A4D6-575994BCBD9E}"
EndProject
Project("{FAE04EC0-301F-11D3-BF4B-00C04F79EFBC}") = "ConsoleCalculatorOfCalories.CMD", "ConsoleCalculatorOfCalories.CMD\ConsoleCalculatorOfCalories.CMD.csproj", "{07FFCC04-DAD6-45EF-9F9A-6AA212CF0970}"
EndProject
Global
	GlobalSection(SolutionConfigurationPlatforms) = preSolution
		Debug|Any CPU = Debug|Any CPU
		Release|Any CPU = Release|Any CPU
	EndGlobalSection
	GlobalSection(ProjectConfigurationPlatforms) = postSolution
		{1F3097B4-1C7B-4935-A4D6-575994BCBD9E}.Debug|Any CPU.ActiveCfg = Debug|Any CPU
		{1F3097B4-1C7B-4935-A4D6-575994BCBD9E}.Debug|Any CPU.Build.0 = Debug|Any CPU
		{1F3097B4-1C7B-4935-A4D6-575994BCBD9E}.Release|Any CPU.ActiveCfg = Release|Any CPU
		{1F3097B4-1C7B-4935-A4D6-575994BCBD9E}.Release|Any CPU.Build.0 = Release|Any CPU
		{07FFCC04-DAD6-45EF-9F9A-6AA212CF0970}.Debug|Any CPU.ActiveCfg = Debug|Any CPU
		{07FFCC04-DAD6-45EF-9F9A-6AA212CF0970}.Debug|Any CPU.Build.0 = Debug|Any CPU
		{07FFCC04-DAD6-45EF-9F9A-6AA212CF0970}.Release|Any CPU.ActiveCfg = Release|Any CPU
		{07FFCC04-DAD6-45EF-9F9A-6AA212CF0970}.Release|Any CPU.Build.0 = Release|Any CPU
	EndGlobalSection
	GlobalSection(SolutionProperties) = preSolution
		HideSolutionNode = FALSE
	EndGlobalSection
	GlobalSection(ExtensibilityGlobals) = postSolution
		SolutionGuid = {73568461-98EB-4B5B-BFE7-459DDADD4EE0}
	EndGlobalSection
EndGlobal
